# This file is autogenerated, do not edit; changes may be undone by the next 'dep ensure'.


[[projects]]
  digest = "1:20776e445faca9486fb7736c2eb6c54467920c88eb0f4133dc9296419ac7158b"
  name = "github.com/docker/libcontainer"
  packages = ["netlink"]
  pruneopts = "UT"
  revision = "5dc7ba0f24332273461e45bc49edcb4d5aa6c44c"
  version = "v2.2.1"

[solve-meta]
  analyzer-name = "dep"
  analyzer-version = 1
  input-imports = ["github.com/docker/libcontainer/netlink"]
  solver-name = "gps-cdcl"
  solver-version = 1
